<?xml version="1.0" encoding="utf-8"?>
<Project ToolsVersion="4.0" xmlns="http://schemas.microsoft.com/developer/msbuild/2003">
  <ItemGroup>
    <Filter Include="Source Files">
      <UniqueIdentifier>{4FC737F1-C7A5-4376-A066-2A32D752A2FF}</UniqueIdentifier>
      <Extensions>cpp;c;cc;cxx;c++;def;odl;idl;hpj;bat;asm;asmx</Extensions>
    </Filter>
    <Filter Include="Header Files">
      <UniqueIdentifier>{93995380-89BD-4b04-88EB-625FBE52EBFB}</UniqueIdentifier>
      <Extensions>h;hh;hpp;hxx;h++;hm;inl;inc;ipp;xsd</Extensions>
    </Filter>
    <Filter Include="Resource Files">
      <UniqueIdentifier>{67DA6AB6-F800-4c08-8B7A-83BB121AAD01}</UniqueIdentifier>
      <Extensions>rc;ico;cur;bmp;dlg;rc2;rct;bin;rgs;gif;jpg;jpeg;jpe;resx;tiff;tif;png;wav;mfcribbon-ms</Extensions>
    </Filter>
    <Filter Include="Source Files\Opcodes">
      <UniqueIdentifier>{a26949db-28a4-4a0f-89d8-1c9d8e83c7bb}</UniqueIdentifier>
    </Filter>
    <Filter Include="Source Files\Common">
      <UniqueIdentifier>{1afcfc0b-4125-4b8a-9b70-87c1a328f20b}</UniqueIdentifier>
    </Filter>
  </ItemGroup>
  <ItemGroup>
    <ClCompile Include="Main.c">
      <Filter>Source Files</Filter>
    </ClCompile>
    <ClCompile Include="Line.c">
      <Filter>Source Files</Filter>
    </ClCompile>
    <ClCompile Include="Mov.c">
      <Filter>Source Files\Opcodes</Filter>
    </ClCompile>
    <ClCompile Include="CharToInt.c">
      <Filter>Source Files\Common</Filter>
    </ClCompile>
    <ClCompile Include="Compile.c">
      <Filter>Source Files</Filter>
    </ClCompile>
    <ClCompile Include="Register.c">
      <Filter>Source Files</Filter>
    </ClCompile>
    <ClCompile Include="Datatypes.c">
      <Filter>Source Files\Common</Filter>
    </ClCompile>
  </ItemGroup>
  <ItemGroup>
    <ClInclude Include="Line.h">
      <Filter>Source Files</Filter>
    </ClInclude>
    <ClInclude Include="Mov.h">
      <Filter>Source Files\Opcodes</Filter>
    </ClInclude>
    <ClInclude Include="CharToInt.h">
      <Filter>Source Files\Common</Filter>
    </ClInclude>
    <ClInclude Include="Compile.h">
      <Filter>Source Files</Filter>
    </ClInclude>
    <ClInclude Include="Register.h">
      <Filter>Source Files</Filter>
    </ClInclude>
    <ClInclude Include="Datatypes.h">
      <Filter>Source Files\Common</Filter>
    </ClInclude>
  </ItemGroup>
  <ItemGroup>
    <Text Include="OpcodesOneByte.txt">
      <Filter>Resource Files</Filter>
    </Text>
  </ItemGroup>
</Project>